
Microsoft Visual Studio Solution File, Format Version 12.00
# Visual Studio 14
VisualStudioVersion = 14.0.25420.1
MinimumVisualStudioVersion = 10.0.40219.1
Project("{FAE04EC0-301F-11D3-BF4B-00C04F79EFBC}") = "WebForms", "MvcVsWebForms\WebForms.csproj", "{E1064B7A-431F-4772-AAFD-78AC7071FD62}"
EndProject
Project("{2150E333-8FDC-42A3-9474-1A3956D46DE8}") = "BLL", "BLL", "{390D5B89-B1F2-4808-8160-4A3E188B6F5B}"
EndProject
Project("{2150E333-8FDC-42A3-9474-1A3956D46DE8}") = "DBL", "DBL", "{4B7435ED-6BCA-4CFA-83CC-EA86D3E83EDE}"
EndProject
Project("{2150E333-8FDC-42A3-9474-1A3956D46DE8}") = "Prezentation", "Prezentation", "{9E0266ED-1CB4-416B-A88E-87D1AD8C0E24}"
EndProject
Project("{2150E333-8FDC-42A3-9474-1A3956D46DE8}") = "WebForms", "WebForms", "{A7B6391F-BE90-43C1-B09E-F07AF13BC838}"
EndProject
Project("{2150E333-8FDC-42A3-9474-1A3956D46DE8}") = "MVC", "MVC", "{AE1F22BC-4224-4E7B-9197-3B001697CD4A}"
EndProject
Project("{2150E333-8FDC-42A3-9474-1A3956D46DE8}") = "DB", "DB", "{D068F5C9-21A0-459D-A940-6F3E990E1527}"
EndProject
Project("{FAE04EC0-301F-11D3-BF4B-00C04F79EFBC}") = "DBL", "DBL\DBL\DBL.csproj", "{2B284586-9174-4CD1-B388-8526C5E66E32}"
EndProject
Project("{2150E333-8FDC-42A3-9474-1A3956D46DE8}") = "EXL", "EXL", "{0E8373AD-B77D-42A9-BCDB-585FAB7118A3}"
EndProject
Project("{FAE04EC0-301F-11D3-BF4B-00C04F79EFBC}") = "ExternalLayer", "ExternalLayer\ExternalLayer.csproj", "{00B2C883-9C88-401C-BE9F-73FBF2CF04E6}"
EndProject
Project("{FAE04EC0-301F-11D3-BF4B-00C04F79EFBC}") = "BLL", "BLL\BLL.csproj", "{B3A7B20D-DC54-4AF0-BDDA-EEB8119001A2}"
EndProject
Project("{2150E333-8FDC-42A3-9474-1A3956D46DE8}") = "Interfaces", "Interfaces", "{46FA3B2D-F4F5-4DD3-804E-73543603A28C}"
EndProject
Project("{FAE04EC0-301F-11D3-BF4B-00C04F79EFBC}") = "Interfaces", "Interfaces\Interfaces.csproj", "{4F53880D-A3C1-46DB-9218-3C40F8B92EDB}"
EndProject
Project("{2150E333-8FDC-42A3-9474-1A3956D46DE8}") = "TEST", "TEST", "{E6AE9832-9809-41D4-A480-B5BEB6DF2728}"
EndProject
Project("{FAE04EC0-301F-11D3-BF4B-00C04F79EFBC}") = "TEST", "test\TEST\TEST.csproj", "{F0315A00-34D5-48A8-A046-122B1D9DF844}"
EndProject
Project("{2150E333-8FDC-42A3-9474-1A3956D46DE8}") = "Utils", "Utils", "{FCEB3669-BB79-4ACE-AC9A-A5D3B39ED0C1}"
EndProject
Project("{FAE04EC0-301F-11D3-BF4B-00C04F79EFBC}") = "Utils", "Utils\Utils\Utils.csproj", "{172E36A5-5A9E-4515-8A37-46383A0A7285}"
EndProject
Project("{FAE04EC0-301F-11D3-BF4B-00C04F79EFBC}") = "Database", "DBL\Database\Database.csproj", "{6C4C2EEA-4FF5-4A91-9658-4258C0AA909F}"
EndProject
Project("{FAE04EC0-301F-11D3-BF4B-00C04F79EFBC}") = "MVCZdenek", "Prezentation\MVCZdenek\MVCZdenek.csproj", "{2C47C33F-33A0-424A-A37B-555B18E252F5}"
EndProject
Global
	GlobalSection(SolutionConfigurationPlatforms) = preSolution
		Debug|Any CPU = Debug|Any CPU
		Release|Any CPU = Release|Any CPU
	EndGlobalSection
	GlobalSection(ProjectConfigurationPlatforms) = postSolution
		{E1064B7A-431F-4772-AAFD-78AC7071FD62}.Debug|Any CPU.ActiveCfg = Debug|Any CPU
		{E1064B7A-431F-4772-AAFD-78AC7071FD62}.Debug|Any CPU.Build.0 = Debug|Any CPU
		{E1064B7A-431F-4772-AAFD-78AC7071FD62}.Release|Any CPU.ActiveCfg = Release|Any CPU
		{E1064B7A-431F-4772-AAFD-78AC7071FD62}.Release|Any CPU.Build.0 = Release|Any CPU
		{2B284586-9174-4CD1-B388-8526C5E66E32}.Debug|Any CPU.ActiveCfg = Debug|Any CPU
		{2B284586-9174-4CD1-B388-8526C5E66E32}.Debug|Any CPU.Build.0 = Debug|Any CPU
		{2B284586-9174-4CD1-B388-8526C5E66E32}.Release|Any CPU.ActiveCfg = Release|Any CPU
		{2B284586-9174-4CD1-B388-8526C5E66E32}.Release|Any CPU.Build.0 = Release|Any CPU
		{00B2C883-9C88-401C-BE9F-73FBF2CF04E6}.Debug|Any CPU.ActiveCfg = Debug|Any CPU
		{00B2C883-9C88-401C-BE9F-73FBF2CF04E6}.Debug|Any CPU.Build.0 = Debug|Any CPU
		{00B2C883-9C88-401C-BE9F-73FBF2CF04E6}.Release|Any CPU.ActiveCfg = Release|Any CPU
		{00B2C883-9C88-401C-BE9F-73FBF2CF04E6}.Release|Any CPU.Build.0 = Release|Any CPU
		{B3A7B20D-DC54-4AF0-BDDA-EEB8119001A2}.Debug|Any CPU.ActiveCfg = Debug|Any CPU
		{B3A7B20D-DC54-4AF0-BDDA-EEB8119001A2}.Debug|Any CPU.Build.0 = Debug|Any CPU
		{B3A7B20D-DC54-4AF0-BDDA-EEB8119001A2}.Release|Any CPU.ActiveCfg = Release|Any CPU
		{B3A7B20D-DC54-4AF0-BDDA-EEB8119001A2}.Release|Any CPU.Build.0 = Release|Any CPU
		{4F53880D-A3C1-46DB-9218-3C40F8B92EDB}.Debug|Any CPU.ActiveCfg = Debug|Any CPU
		{4F53880D-A3C1-46DB-9218-3C40F8B92EDB}.Debug|Any CPU.Build.0 = Debug|Any CPU
		{4F53880D-A3C1-46DB-9218-3C40F8B92EDB}.Release|Any CPU.ActiveCfg = Release|Any CPU
		{4F53880D-A3C1-46DB-9218-3C40F8B92EDB}.Release|Any CPU.Build.0 = Release|Any CPU
		{F0315A00-34D5-48A8-A046-122B1D9DF844}.Debug|Any CPU.ActiveCfg = Debug|Any CPU
		{F0315A00-34D5-48A8-A046-122B1D9DF844}.Debug|Any CPU.Build.0 = Debug|Any CPU
		{F0315A00-34D5-48A8-A046-122B1D9DF844}.Release|Any CPU.ActiveCfg = Release|Any CPU
		{F0315A00-34D5-48A8-A046-122B1D9DF844}.Release|Any CPU.Build.0 = Release|Any CPU
		{172E36A5-5A9E-4515-8A37-46383A0A7285}.Debug|Any CPU.ActiveCfg = Debug|Any CPU
		{172E36A5-5A9E-4515-8A37-46383A0A7285}.Debug|Any CPU.Build.0 = Debug|Any CPU
		{172E36A5-5A9E-4515-8A37-46383A0A7285}.Release|Any CPU.ActiveCfg = Release|Any CPU
		{172E36A5-5A9E-4515-8A37-46383A0A7285}.Release|Any CPU.Build.0 = Release|Any CPU
		{6C4C2EEA-4FF5-4A91-9658-4258C0AA909F}.Debug|Any CPU.ActiveCfg = Debug|Any CPU
		{6C4C2EEA-4FF5-4A91-9658-4258C0AA909F}.Debug|Any CPU.Build.0 = Debug|Any CPU
		{6C4C2EEA-4FF5-4A91-9658-4258C0AA909F}.Release|Any CPU.ActiveCfg = Release|Any CPU
		{6C4C2EEA-4FF5-4A91-9658-4258C0AA909F}.Release|Any CPU.Build.0 = Release|Any CPU
		{2C47C33F-33A0-424A-A37B-555B18E252F5}.Debug|Any CPU.ActiveCfg = Debug|Any CPU
		{2C47C33F-33A0-424A-A37B-555B18E252F5}.Debug|Any CPU.Build.0 = Debug|Any CPU
		{2C47C33F-33A0-424A-A37B-555B18E252F5}.Release|Any CPU.ActiveCfg = Release|Any CPU
		{2C47C33F-33A0-424A-A37B-555B18E252F5}.Release|Any CPU.Build.0 = Release|Any CPU
	EndGlobalSection
	GlobalSection(SolutionProperties) = preSolution
		HideSolutionNode = FALSE
	EndGlobalSection
	GlobalSection(NestedProjects) = preSolution
		{E1064B7A-431F-4772-AAFD-78AC7071FD62} = {A7B6391F-BE90-43C1-B09E-F07AF13BC838}
		{A7B6391F-BE90-43C1-B09E-F07AF13BC838} = {9E0266ED-1CB4-416B-A88E-87D1AD8C0E24}
		{AE1F22BC-4224-4E7B-9197-3B001697CD4A} = {9E0266ED-1CB4-416B-A88E-87D1AD8C0E24}
		{D068F5C9-21A0-459D-A940-6F3E990E1527} = {4B7435ED-6BCA-4CFA-83CC-EA86D3E83EDE}
		{2B284586-9174-4CD1-B388-8526C5E66E32} = {4B7435ED-6BCA-4CFA-83CC-EA86D3E83EDE}
		{00B2C883-9C88-401C-BE9F-73FBF2CF04E6} = {0E8373AD-B77D-42A9-BCDB-585FAB7118A3}
		{B3A7B20D-DC54-4AF0-BDDA-EEB8119001A2} = {390D5B89-B1F2-4808-8160-4A3E188B6F5B}
		{4F53880D-A3C1-46DB-9218-3C40F8B92EDB} = {46FA3B2D-F4F5-4DD3-804E-73543603A28C}
		{F0315A00-34D5-48A8-A046-122B1D9DF844} = {E6AE9832-9809-41D4-A480-B5BEB6DF2728}
		{172E36A5-5A9E-4515-8A37-46383A0A7285} = {FCEB3669-BB79-4ACE-AC9A-A5D3B39ED0C1}
		{6C4C2EEA-4FF5-4A91-9658-4258C0AA909F} = {D068F5C9-21A0-459D-A940-6F3E990E1527}
		{2C47C33F-33A0-424A-A37B-555B18E252F5} = {AE1F22BC-4224-4E7B-9197-3B001697CD4A}
	EndGlobalSection
EndGlobal
